
Microsoft Visual Studio Solution File, Format Version 12.00
# Visual Studio Version 16
VisualStudioVersion = 16.0.808.8
MinimumVisualStudioVersion = 10.0.40219.1
Project("{FAE04EC0-301F-11D3-BF4B-00C04F79EFBC}") = "ClassMetotDemo", "ClassMetotDemo\ClassMetotDemo.csproj", "{C8A48ED7-8E62-4719-B38F-F72137D758F0}"
EndProject
Global
	GlobalSection(SolutionConfigurationPlatforms) = preSolution
		Debug|Any CPU = Debug|Any CPU
		Release|Any CPU = Release|Any CPU
	EndGlobalSection
	GlobalSection(ProjectConfigurationPlatforms) = postSolution
		{C8A48ED7-8E62-4719-B38F-F72137D758F0}.Debug|Any CPU.ActiveCfg = Debug|Any CPU
		{C8A48ED7-8E62-4719-B38F-F72137D758F0}.Debug|Any CPU.Build.0 = Debug|Any CPU
		{C8A48ED7-8E62-4719-B38F-F72137D758F0}.Release|Any CPU.ActiveCfg = Release|Any CPU
		{C8A48ED7-8E62-4719-B38F-F72137D758F0}.Release|Any CPU.Build.0 = Release|Any CPU
	EndGlobalSection
	GlobalSection(SolutionProperties) = preSolution
		HideSolutionNode = FALSE
	EndGlobalSection
	GlobalSection(ExtensibilityGlobals) = postSolution
		SolutionGuid = {8F6907FD-68D2-4612-B35E-700BF3BF29B1}
	EndGlobalSection
EndGlobal
